{
  "lockfileVersion": 1,
  "workspaces": {
    "": {
      "dependencies": {
        "jazz-tools": "^0.19.1",
      },
    },
  },
  "packages": {
    "@manuscripts/prosemirror-recreate-steps": ["@manuscripts/prosemirror-recreate-steps@0.1.4", "", { "dependencies": { "@types/prosemirror-model": "^1.5.0", "@types/prosemirror-schema-basic": "^1.0.1", "@types/prosemirror-schema-list": "^1.0.1", "@types/prosemirror-state": "^1.2.0", "@types/prosemirror-transform": "^1.1.0", "diff": "^3.5.0", "prosemirror-changeset": "^1.0.5", "prosemirror-example-setup": "^1.0.1", "prosemirror-model": "^1.6.1", "prosemirror-schema-basic": "^1.0.0", "prosemirror-schema-list": "^1.0.1", "prosemirror-state": "^1.2.2", "prosemirror-transform": "^1.1.3", "prosemirror-view": "^1.5.3", "rfc6902": "^3.0.1" } }, "sha512-z3/PGcWB3SbOzhUkiZKAAMeWVz3jR1uacUXuYfJfSE+XgTUCtxB/xnbmx7SpTvtBEtw9EFXomTqjoG6DGlC2nQ=="],

    "@noble/ciphers": ["@noble/ciphers@1.3.0", "", {}, "sha512-2I0gnIVPtfnMw9ee9h1dJG7tp81+8Ob3OJb3Mv37rx5L40/b0i7djjCVvGOVqc9AEIQyvyu1i6ypKdFw8R8gQw=="],

    "@noble/curves": ["@noble/curves@1.9.7", "", { "dependencies": { "@noble/hashes": "1.8.0" } }, "sha512-gbKGcRUYIjA3/zCCNaWDciTMFI0dCkvou3TL8Zmy5Nc7sJ47a0jtOeZoTaMxkuqRo9cRhjOdZJXegxYE5FN/xw=="],

    "@noble/hashes": ["@noble/hashes@1.8.0", "", {}, "sha512-jCs9ldd7NwzpgXDIf6P3+NrHh9/sD6CQdxHyjQI+h/6rDNo88ypBxxz45UDuZHz9r3tNz7N/VInSVoVdtXEI4A=="],

    "@opentelemetry/api": ["@opentelemetry/api@1.9.0", "", {}, "sha512-3giAOQvZiH5F9bMlMiv8+GSPMeqg0dbaeo58/0SlA9sxSqZhnUtxzX9/2FzyhS9sWQf5S0GJE0AKBrFqjpeYcg=="],

    "@remirror/core-constants": ["@remirror/core-constants@3.0.0", "", {}, "sha512-42aWfPrimMfDKDi4YegyS7x+/0tlzaqwPQCULLanv3DMIlu96KTJR0fM5isWX2UViOqlGnX6YFgqWepcX+XMNg=="],

    "@scure/base": ["@scure/base@1.2.1", "", {}, "sha512-DGmGtC8Tt63J5GfHgfl5CuAXh96VF/LD8K9Hr/Gv0J2lAoRGlPOMpqMpMbCTOoOJMZCk2Xt+DskdDyn6dEFdzQ=="],

    "@scure/bip39": ["@scure/bip39@1.6.0", "", { "dependencies": { "@noble/hashes": "~1.8.0", "@scure/base": "~1.2.5" } }, "sha512-+lF0BbLiJNwVlev4eKelw1WWLaiKXw7sSl8T6FvBlWkdX+94aGJ4o8XjUdlyhTCjd8c+B3KT3JfS8P0bLRNU6A=="],

    "@tiptap/core": ["@tiptap/core@2.27.1", "", { "peerDependencies": { "@tiptap/pm": "^2.7.0" } }, "sha512-nkerkl8syHj44ZzAB7oA2GPmmZINKBKCa79FuNvmGJrJ4qyZwlkDzszud23YteFZEytbc87kVd/fP76ROS6sLg=="],

    "@tiptap/pm": ["@tiptap/pm@2.27.1", "", { "dependencies": { "prosemirror-changeset": "^2.3.0", "prosemirror-collab": "^1.3.1", "prosemirror-commands": "^1.6.2", "prosemirror-dropcursor": "^1.8.1", "prosemirror-gapcursor": "^1.3.2", "prosemirror-history": "^1.4.1", "prosemirror-inputrules": "^1.4.0", "prosemirror-keymap": "^1.2.2", "prosemirror-markdown": "^1.13.1", "prosemirror-menu": "^1.2.4", "prosemirror-model": "^1.23.0", "prosemirror-schema-basic": "^1.2.3", "prosemirror-schema-list": "^1.4.1", "prosemirror-state": "^1.4.3", "prosemirror-tables": "^1.6.4", "prosemirror-trailing-node": "^3.0.0", "prosemirror-transform": "^1.10.2", "prosemirror-view": "^1.37.0" } }, "sha512-ijKo3+kIjALthYsnBmkRXAuw2Tswd9gd7BUR5OMfIcjGp8v576vKxOxrRfuYiUM78GPt//P0sVc1WV82H5N0PQ=="],

    "@types/linkify-it": ["@types/linkify-it@5.0.0", "", {}, "sha512-sVDA58zAw4eWAffKOaQH5/5j3XeayukzDk+ewSsnv3p4yJEZHCCzMDiZM8e0OUrRvmpGZ85jf4yDHkHsgBNr9Q=="],

    "@types/markdown-it": ["@types/markdown-it@14.1.2", "", { "dependencies": { "@types/linkify-it": "^5", "@types/mdurl": "^2" } }, "sha512-promo4eFwuiW+TfGxhi+0x3czqTYJkG8qB17ZUJiVF10Xm7NLVRSLUsfRTU/6h1e24VvRnXCx+hG7li58lkzog=="],

    "@types/mdurl": ["@types/mdurl@2.0.0", "", {}, "sha512-RGdgjQUZba5p6QEFAVx2OGb8rQDL/cPRG7GiedRzMcJ1tYnUANBncjbSB1NRGwbvjcPeikRABz2nshyPk1bhWg=="],

    "@types/prosemirror-model": ["@types/prosemirror-model@1.17.0", "", { "dependencies": { "prosemirror-model": "*" } }, "sha512-lG5xEMkE8r8Soa80KdWPTbCLUaSHBHVHpTIEsQiebfONpvmS5061IMGzHUdb1oWjgrwh8EJq0GgMNwXHUx5mVg=="],

    "@types/prosemirror-schema-basic": ["@types/prosemirror-schema-basic@1.2.0", "", { "dependencies": { "prosemirror-schema-basic": "*" } }, "sha512-WrQLRv3Ss48e2XBnocoZNMLw3xZwiW2cSjPvrZ/Ui6PicAMsabkb6EKTdLU0B52LuQjShNPtq0tFejrbLOMbpQ=="],

    "@types/prosemirror-schema-list": ["@types/prosemirror-schema-list@1.2.0", "", { "dependencies": { "prosemirror-schema-list": "*" } }, "sha512-njvba73mgBanQOt2/piYMeP+nsu8lzomA350Lh7/sdr6NPsRvYPggwJDIZEG0Cb/MB0fnv4PdRaTi93PoLHArw=="],

    "@types/prosemirror-state": ["@types/prosemirror-state@1.4.0", "", { "dependencies": { "prosemirror-state": "*" } }, "sha512-71epLy1HD2H7Qn6iOoQrFdbdFP32Cg5U7OvlCXMuYO8ygUdz07dfqA1lNj1y+KLf3HkRCXVkfvi3OnNa/tFZ3A=="],

    "@types/prosemirror-transform": ["@types/prosemirror-transform@1.5.0", "", { "dependencies": { "prosemirror-transform": "*" } }, "sha512-++krMS5bt3SxNOqjrftispPLRkvfXXw2BtVq4VPJ8Vpf+Sne1MhxVoj0EFCM+14MFlX0EHYQvX3k9AaQzob9ZQ=="],

    "argparse": ["argparse@2.0.1", "", {}, "sha512-8+9WqebbFzpX9OR+Wa6O29asIogeRMzcGtAINdpMHHyAg10f05aSFVBbcEqGf/PXw1EjAZ+q2/bEBg3DvurK3Q=="],

    "clsx": ["clsx@2.1.1", "", {}, "sha512-eYm0QWBtUrBWZWG0d386OGAw16Z995PiOVo2B7bjWSbHedGl5e0ZWaq65kOGgUSNesEIDkB9ISbTg/JK9dhCZA=="],

    "cojson": ["cojson@0.19.1", "", { "dependencies": { "@noble/ciphers": "^1.3.0", "@noble/curves": "^1.9.1", "@noble/hashes": "^1.8.0", "@opentelemetry/api": "^1.9.0", "@scure/base": "1.2.1", "cojson-core-napi": "0.19.1", "cojson-core-wasm": "0.19.1", "unicode-segmenter": "^0.12.0" } }, "sha512-tkd6r3XDRNfGbnzIQ8BzzxJ5etQTMhY1XcGRUJRxxaPOg3CtuUVYQIADQLPkW6InwZDuhhQ2uEdVmYvqwrFgGg=="],

    "cojson-core-napi": ["cojson-core-napi@0.19.1", "", { "optionalDependencies": { "cojson-core-napi-darwin-arm64": "0.19.1", "cojson-core-napi-darwin-x64": "0.19.1", "cojson-core-napi-linux-arm-gnueabihf": "0.19.1", "cojson-core-napi-linux-arm64-gnu": "0.19.1", "cojson-core-napi-linux-arm64-musl": "0.19.1", "cojson-core-napi-linux-x64-gnu": "0.19.1", "cojson-core-napi-linux-x64-musl": "0.19.1" } }, "sha512-0AP2GNx1p3kyBAr7LlysziKtBgSkRFyNRzxsxJwVt25kj/GsW/zg/hjGBaPR2NTvZsPAIP1umh5rm1fMGI6HXw=="],

    "cojson-core-napi-darwin-arm64": ["cojson-core-napi-darwin-arm64@0.19.1", "", { "os": "darwin", "cpu": "arm64" }, "sha512-Cux+nkMC2PSbemdL6Fj4NZHzcDtnMgHQf2EGwAsy5IrjDmSlinFqrmbyyxR90k3QH461OfuarubdmdYnV74eRQ=="],

    "cojson-core-napi-darwin-x64": ["cojson-core-napi-darwin-x64@0.19.1", "", { "os": "darwin", "cpu": "x64" }, "sha512-nFvR6z3/bmI+707hcW6x4BwDxjkfPOpKCp4xm5sE7x+/AVwLY0ylmBoAdTDh8a8NXIgtB1XCr+cqaSzRkE3ZdA=="],

    "cojson-core-napi-linux-arm-gnueabihf": ["cojson-core-napi-linux-arm-gnueabihf@0.19.1", "", { "os": "linux", "cpu": "arm" }, "sha512-uXyneaPLcEP78uWoKm2KIHjZl7YA/HZa0CWz34Qlw8TCdJHIzr2pmttW3PQANastE6QJGHY6hpjWTLdg+k+r6g=="],

    "cojson-core-napi-linux-arm64-gnu": ["cojson-core-napi-linux-arm64-gnu@0.19.1", "", { "os": "linux", "cpu": "arm64" }, "sha512-gdis9NJuZBgECbUByT06YXOI9vGwfGjMQ4VrVOXsGNMR49dS7e47X4yV5WYY33LRj5XL0pCCvtYpN6Lu2NHh1w=="],

    "cojson-core-napi-linux-arm64-musl": ["cojson-core-napi-linux-arm64-musl@0.19.1", "", { "os": "linux", "cpu": "arm64" }, "sha512-XI4gOTVeFO5Zt1uBjwHM3zdqco9hJgImXzV2EljmB1vN96GlpkEiBAkrDi84Dl2+bGZCl4L/ba4E788Z+hwNHQ=="],

    "cojson-core-napi-linux-x64-gnu": ["cojson-core-napi-linux-x64-gnu@0.19.1", "", { "os": "linux", "cpu": "x64" }, "sha512-aQ3j+u/7ksLuklt+0+0QeS5A1mPHHe6lskQalISiKr7iIE6s8SduO/jB/Qkk9RowoHmQs6xS0I28/ofO3kGY3A=="],

    "cojson-core-napi-linux-x64-musl": ["cojson-core-napi-linux-x64-musl@0.19.1", "", { "os": "linux", "cpu": "x64" }, "sha512-MMxNEj4Uc3l55QltEjGMSU3kmo5lpL1mtoDaF+1dccI2gXGWhZYItl9KZq3icQndk5EYsdptu7wMWaXiXaldvg=="],

    "cojson-core-wasm": ["cojson-core-wasm@0.19.1", "", {}, "sha512-rX4S0qQ0h8wwbggOlUZGe5D72WNiDkBZWRaYgTV6NOh63mvisf88IvMPsM5/bv2KMRqOd/GqcL7mOqHXVfTGDw=="],

    "cojson-storage-indexeddb": ["cojson-storage-indexeddb@0.19.1", "", { "dependencies": { "cojson": "0.19.1" } }, "sha512-bxYwyCNkh/JSlUxAOyLSF01eDB+bkMwSbJszgCflToAWmRuXg50iRRMq4dde/2JeyYlont5BWoh1eLM5kWGpVQ=="],

    "cojson-transport-ws": ["cojson-transport-ws@0.19.1", "", { "dependencies": { "@opentelemetry/api": "^1.9.0", "cojson": "0.19.1" } }, "sha512-zBAoNaewC9aamGAiOVG9/QJVYOXkKZaAQ6q1/JJsNvDjIGrzsjs70QZRN0yTsHeXnZkejw4HX1DP1OWr7KJhGQ=="],

    "crelt": ["crelt@1.0.6", "", {}, "sha512-VQ2MBenTq1fWZUH9DJNGti7kKv6EeAuYr3cLwxUWhIu1baTaXh4Ib5W2CqHVqib4/MqbYGJqiL3Zb8GJZr3l4g=="],

    "csstype": ["csstype@3.1.3", "", {}, "sha512-M1uQkMl8rQK/szD0LNhtqxIPLpimGm8sOBwU7lLnCpSbTyY3yeU1Vc7l4KT5zT4s/yOxHH5O7tIuuLOCnLADRw=="],

    "diff": ["diff@3.5.0", "", {}, "sha512-A46qtFgd+g7pDZinpnwiRJtxbC1hpgf0uzP3iG89scHk0AUC7A1TGxf5OiiOUv/JMZR8GOt8hL900hV0bOy5xA=="],

    "entities": ["entities@4.5.0", "", {}, "sha512-V0hjH4dGPh9Ao5p0MoRY6BVqtwCjhz6vI5LT8AJ55H+4g9/4vbHx1I54fS0XuclLhDHArPQCiMjDxjaL8fPxhw=="],

    "escape-string-regexp": ["escape-string-regexp@4.0.0", "", {}, "sha512-TtpcNJ3XAzx3Gq8sWRzJaVajRs0uVxA2YAkdb1jm2YkPz4G6egUFAyA3n5vtEIZefPk5Wa4UXbKuS5fKkJWdgA=="],

    "fast-myers-diff": ["fast-myers-diff@3.2.0", "", {}, "sha512-DxNm4a3gnV35AluvqjeAV3Zx3CAySs0tsaDjnex5JhnJAa2rxEUVCwmaL2gpz42ea1B+IJorlo7XLThXUaTQog=="],

    "goober": ["goober@2.1.18", "", { "peerDependencies": { "csstype": "^3.0.10" } }, "sha512-2vFqsaDVIT9Gz7N6kAL++pLpp41l3PfDuusHcjnGLfR6+huZkl6ziX+zgVC3ZxpqWhzH6pyDdGrCeDhMIvwaxw=="],

    "jazz-tools": ["jazz-tools@0.19.1", "", { "dependencies": { "@manuscripts/prosemirror-recreate-steps": "^0.1.4", "@scure/base": "1.2.1", "@scure/bip39": "^1.3.0", "@tiptap/core": "^2.12.0", "clsx": "^2.0.0", "cojson": "0.19.1", "cojson-storage-indexeddb": "0.19.1", "cojson-transport-ws": "0.19.1", "fast-myers-diff": "^3.2.0", "goober": "^2.1.18", "prosemirror-example-setup": "^1.2.2", "prosemirror-menu": "^1.2.4", "prosemirror-model": "^1.21.1", "prosemirror-schema-basic": "^1.2.2", "prosemirror-state": "^1.4.3", "prosemirror-transform": "^1.9.0", "use-sync-external-store": "^1.5.0", "zod": "4.1.11" }, "peerDependencies": { "@bam.tech/react-native-image-resizer": "*", "@op-engineering/op-sqlite": "*", "@react-native-community/netinfo": "*", "better-auth": "^1.3.2", "expo-file-system": "*", "expo-image-manipulator": "*", "expo-secure-store": "*", "expo-sqlite": "*", "react": "*", "react-dom": "*", "react-native": "*", "react-native-fast-encoder": "^0.2.0", "react-native-mmkv": "^3.3.0", "react-native-nitro-modules": "^0.26.4", "react-native-quick-crypto": "^1.0.0-beta.18", "sharp": "^0.33.5", "svelte": "^5.0.0" }, "optionalPeers": ["@bam.tech/react-native-image-resizer", "@op-engineering/op-sqlite", "@react-native-community/netinfo", "better-auth", "expo-file-system", "expo-image-manipulator", "expo-secure-store", "expo-sqlite", "react", "react-dom", "react-native", "react-native-fast-encoder", "react-native-mmkv", "react-native-nitro-modules", "react-native-quick-crypto", "sharp", "svelte"] }, "sha512-08UIPrup9XyCi87mRC3fNRV/SlSTM0RUvhnAsqLVX/YZd+RlhZ6cRUt+Q+UGf3V1Zt2bHdgsi/d4uGdUlkFSvw=="],

    "linkify-it": ["linkify-it@5.0.0", "", { "dependencies": { "uc.micro": "^2.0.0" } }, "sha512-5aHCbzQRADcdP+ATqnDuhhJ/MRIqDkZX5pyjFHRRysS8vZ5AbqGEoFIb6pYHPZ+L/OC2Lc+xT8uHVVR5CAK/wQ=="],

    "markdown-it": ["markdown-it@14.1.0", "", { "dependencies": { "argparse": "^2.0.1", "entities": "^4.4.0", "linkify-it": "^5.0.0", "mdurl": "^2.0.0", "punycode.js": "^2.3.1", "uc.micro": "^2.1.0" }, "bin": { "markdown-it": "bin/markdown-it.mjs" } }, "sha512-a54IwgWPaeBCAAsv13YgmALOF1elABB08FxO9i+r4VFk5Vl4pKokRPeX8u5TCgSsPi6ec1otfLjdOpVcgbpshg=="],

    "mdurl": ["mdurl@2.0.0", "", {}, "sha512-Lf+9+2r+Tdp5wXDXC4PcIBjTDtq4UKjCPMQhKIuzpJNW0b96kVqSwW0bT7FhRSfmAiFYgP+SCRvdrDozfh0U5w=="],

    "orderedmap": ["orderedmap@2.1.1", "", {}, "sha512-TvAWxi0nDe1j/rtMcWcIj94+Ffe6n7zhow33h40SKxmsmozs6dz/e+EajymfoFcHd7sxNn8yHM8839uixMOV6g=="],

    "prosemirror-changeset": ["prosemirror-changeset@1.2.1", "", { "dependencies": { "prosemirror-transform": "^1.0.0" } }, "sha512-qqwG1z8z+KkM3PZWmANYhqvoZdstFmzfkr7FPJ6suBwKs/UvZbvnRvDBvJC5eDbXbE7MhIGO+LY1Dq29zBAbIw=="],

    "prosemirror-collab": ["prosemirror-collab@1.3.1", "", { "dependencies": { "prosemirror-state": "^1.0.0" } }, "sha512-4SnynYR9TTYaQVXd/ieUvsVV4PDMBzrq2xPUWutHivDuOshZXqQ5rGbZM84HEaXKbLdItse7weMGOUdDVcLKEQ=="],

    "prosemirror-commands": ["prosemirror-commands@1.7.1", "", { "dependencies": { "prosemirror-model": "^1.0.0", "prosemirror-state": "^1.0.0", "prosemirror-transform": "^1.10.2" } }, "sha512-rT7qZnQtx5c0/y/KlYaGvtG411S97UaL6gdp6RIZ23DLHanMYLyfGBV5DtSnZdthQql7W+lEVbpSfwtO8T+L2w=="],

    "prosemirror-dropcursor": ["prosemirror-dropcursor@1.8.2", "", { "dependencies": { "prosemirror-state": "^1.0.0", "prosemirror-transform": "^1.1.0", "prosemirror-view": "^1.1.0" } }, "sha512-CCk6Gyx9+Tt2sbYk5NK0nB1ukHi2ryaRgadV/LvyNuO3ena1payM2z6Cg0vO1ebK8cxbzo41ku2DE5Axj1Zuiw=="],

    "prosemirror-example-setup": ["prosemirror-example-setup@1.2.3", "", { "dependencies": { "prosemirror-commands": "^1.0.0", "prosemirror-dropcursor": "^1.0.0", "prosemirror-gapcursor": "^1.0.0", "prosemirror-history": "^1.0.0", "prosemirror-inputrules": "^1.0.0", "prosemirror-keymap": "^1.0.0", "prosemirror-menu": "^1.0.0", "prosemirror-schema-list": "^1.0.0", "prosemirror-state": "^1.0.0" } }, "sha512-+hXZi8+xbFvYM465zZH3rdZ9w7EguVKmUYwYLZjIJIjPK+I0nPTwn8j0ByW2avchVczRwZmOJGNvehblyIerSQ=="],

    "prosemirror-gapcursor": ["prosemirror-gapcursor@1.4.0", "", { "dependencies": { "prosemirror-keymap": "^1.0.0", "prosemirror-model": "^1.0.0", "prosemirror-state": "^1.0.0", "prosemirror-view": "^1.0.0" } }, "sha512-z00qvurSdCEWUIulij/isHaqu4uLS8r/Fi61IbjdIPJEonQgggbJsLnstW7Lgdk4zQ68/yr6B6bf7sJXowIgdQ=="],

    "prosemirror-history": ["prosemirror-history@1.4.1", "", { "dependencies": { "prosemirror-state": "^1.2.2", "prosemirror-transform": "^1.0.0", "prosemirror-view": "^1.31.0", "rope-sequence": "^1.3.0" } }, "sha512-2JZD8z2JviJrboD9cPuX/Sv/1ChFng+xh2tChQ2X4bB2HeK+rra/bmJ3xGntCcjhOqIzSDG6Id7e8RJ9QPXLEQ=="],

    "prosemirror-inputrules": ["prosemirror-inputrules@1.5.1", "", { "dependencies": { "prosemirror-state": "^1.0.0", "prosemirror-transform": "^1.0.0" } }, "sha512-7wj4uMjKaXWAQ1CDgxNzNtR9AlsuwzHfdFH1ygEHA2KHF2DOEaXl1CJfNPAKCg9qNEh4rum975QLaCiQPyY6Fw=="],

    "prosemirror-keymap": ["prosemirror-keymap@1.2.3", "", { "dependencies": { "prosemirror-state": "^1.0.0", "w3c-keyname": "^2.2.0" } }, "sha512-4HucRlpiLd1IPQQXNqeo81BGtkY8Ai5smHhKW9jjPKRc2wQIxksg7Hl1tTI2IfT2B/LgX6bfYvXxEpJl7aKYKw=="],

    "prosemirror-markdown": ["prosemirror-markdown@1.13.2", "", { "dependencies": { "@types/markdown-it": "^14.0.0", "markdown-it": "^14.0.0", "prosemirror-model": "^1.25.0" } }, "sha512-FPD9rHPdA9fqzNmIIDhhnYQ6WgNoSWX9StUZ8LEKapaXU9i6XgykaHKhp6XMyXlOWetmaFgGDS/nu/w9/vUc5g=="],

    "prosemirror-menu": ["prosemirror-menu@1.2.5", "", { "dependencies": { "crelt": "^1.0.0", "prosemirror-commands": "^1.0.0", "prosemirror-history": "^1.0.0", "prosemirror-state": "^1.0.0" } }, "sha512-qwXzynnpBIeg1D7BAtjOusR+81xCp53j7iWu/IargiRZqRjGIlQuu1f3jFi+ehrHhWMLoyOQTSRx/IWZJqOYtQ=="],

    "prosemirror-model": ["prosemirror-model@1.25.4", "", { "dependencies": { "orderedmap": "^2.0.0" } }, "sha512-PIM7E43PBxKce8OQeezAs9j4TP+5yDpZVbuurd1h5phUxEKIu+G2a+EUZzIC5nS1mJktDJWzbqS23n1tsAf5QA=="],

    "prosemirror-schema-basic": ["prosemirror-schema-basic@1.2.4", "", { "dependencies": { "prosemirror-model": "^1.25.0" } }, "sha512-ELxP4TlX3yr2v5rM7Sb70SqStq5NvI15c0j9j/gjsrO5vaw+fnnpovCLEGIcpeGfifkuqJwl4fon6b+KdrODYQ=="],

    "prosemirror-schema-list": ["prosemirror-schema-list@1.5.1", "", { "dependencies": { "prosemirror-model": "^1.0.0", "prosemirror-state": "^1.0.0", "prosemirror-transform": "^1.7.3" } }, "sha512-927lFx/uwyQaGwJxLWCZRkjXG0p48KpMj6ueoYiu4JX05GGuGcgzAy62dfiV8eFZftgyBUvLx76RsMe20fJl+Q=="],

    "prosemirror-state": ["prosemirror-state@1.4.4", "", { "dependencies": { "prosemirror-model": "^1.0.0", "prosemirror-transform": "^1.0.0", "prosemirror-view": "^1.27.0" } }, "sha512-6jiYHH2CIGbCfnxdHbXZ12gySFY/fz/ulZE333G6bPqIZ4F+TXo9ifiR86nAHpWnfoNjOb3o5ESi7J8Uz1jXHw=="],

    "prosemirror-tables": ["prosemirror-tables@1.8.1", "", { "dependencies": { "prosemirror-keymap": "^1.2.2", "prosemirror-model": "^1.25.0", "prosemirror-state": "^1.4.3", "prosemirror-transform": "^1.10.3", "prosemirror-view": "^1.39.1" } }, "sha512-DAgDoUYHCcc6tOGpLVPSU1k84kCUWTWnfWX3UDy2Delv4ryH0KqTD6RBI6k4yi9j9I8gl3j8MkPpRD/vWPZbug=="],

    "prosemirror-trailing-node": ["prosemirror-trailing-node@3.0.0", "", { "dependencies": { "@remirror/core-constants": "3.0.0", "escape-string-regexp": "^4.0.0" }, "peerDependencies": { "prosemirror-model": "^1.22.1", "prosemirror-state": "^1.4.2", "prosemirror-view": "^1.33.8" } }, "sha512-xiun5/3q0w5eRnGYfNlW1uU9W6x5MoFKWwq/0TIRgt09lv7Hcser2QYV8t4muXbEr+Fwo0geYn79Xs4GKywrRQ=="],

    "prosemirror-transform": ["prosemirror-transform@1.10.4", "", { "dependencies": { "prosemirror-model": "^1.21.0" } }, "sha512-pwDy22nAnGqNR1feOQKHxoFkkUtepoFAd3r2hbEDsnf4wp57kKA36hXsB3njA9FtONBEwSDnDeCiJe+ItD+ykw=="],

    "prosemirror-view": ["prosemirror-view@1.41.3", "", { "dependencies": { "prosemirror-model": "^1.20.0", "prosemirror-state": "^1.0.0", "prosemirror-transform": "^1.1.0" } }, "sha512-SqMiYMUQNNBP9kfPhLO8WXEk/fon47vc52FQsUiJzTBuyjKgEcoAwMyF04eQ4WZ2ArMn7+ReypYL60aKngbACQ=="],

    "punycode.js": ["punycode.js@2.3.1", "", {}, "sha512-uxFIHU0YlHYhDQtV4R9J6a52SLx28BCjT+4ieh7IGbgwVJWO+km431c4yRlREUAsAmt/uMjQUyQHNEPf0M39CA=="],

    "react": ["react@19.2.0", "", {}, "sha512-tmbWg6W31tQLeB5cdIBOicJDJRR2KzXsV7uSK9iNfLWQ5bIZfxuPEHp7M8wiHyHnn0DD1i7w3Zmin0FtkrwoCQ=="],

    "rfc6902": ["rfc6902@3.1.1", "", {}, "sha512-aHiEm2S4mQSyyIaK7NVotfmVkgOOn1K9iuuSCIKJ8eIAte/8o06Vp06Z2NcLrmMahDmA+2F6oHx33P4NOQ1JnQ=="],

    "rope-sequence": ["rope-sequence@1.3.4", "", {}, "sha512-UT5EDe2cu2E/6O4igUr5PSFs23nvvukicWHx6GnOPlHAiiYbzNuCRQCuiUdHJQcqKalLKlrYJnjY0ySGsXNQXQ=="],

    "uc.micro": ["uc.micro@2.1.0", "", {}, "sha512-ARDJmphmdvUk6Glw7y9DQ2bFkKBHwQHLi2lsaH6PPmz/Ka9sFOBsBluozhDltWmnv9u/cF6Rt87znRTPV+yp/A=="],

    "unicode-segmenter": ["unicode-segmenter@0.12.0", "", {}, "sha512-PK6M1A1tt3ky6cFAJW/JOO9ml/sbEvim+SL75FM8slck08ACbF0TZj+tdUd3Mh8Tk5XieqUDPwmLjiyRQvb4pw=="],

    "use-sync-external-store": ["use-sync-external-store@1.6.0", "", { "peerDependencies": { "react": "^16.8.0 || ^17.0.0 || ^18.0.0 || ^19.0.0" } }, "sha512-Pp6GSwGP/NrPIrxVFAIkOQeyw8lFenOHijQWkUTrDvrF4ALqylP2C/KCkeS9dpUM3KvYRQhna5vt7IL95+ZQ9w=="],

    "w3c-keyname": ["w3c-keyname@2.2.8", "", {}, "sha512-dpojBhNsCNN7T82Tm7k26A6G9ML3NkhDsnw9n/eoxSRlVBB4CEtIQ/KTCLI2Fwf3ataSXRhYFkQi3SlnFwPvPQ=="],

    "zod": ["zod@4.1.11", "", {}, "sha512-WPsqwxITS2tzx1bzhIKsEs19ABD5vmCVa4xBo2tq/SrV4RNZtfws1EnCWQXM6yh8bD08a1idvkB5MZSBiZsjwg=="],

    "@scure/bip39/@scure/base": ["@scure/base@1.2.6", "", {}, "sha512-g/nm5FgUa//MCj1gV09zTJTaM6KBAHqLN907YVQqf7zC49+DcO4B1so4ZX07Ef10Twr6nuqYEH9GEggFXA4Fmg=="],

    "@tiptap/pm/prosemirror-changeset": ["prosemirror-changeset@2.3.1", "", { "dependencies": { "prosemirror-transform": "^1.0.0" } }, "sha512-j0kORIBm8ayJNl3zQvD1TTPHJX3g042et6y/KQhZhnPrruO8exkTgG8X+NRpj7kIyMMEx74Xb3DyMIBtO0IKkQ=="],
  }
}
